
Microsoft Visual Studio Solution File, Format Version 12.00
# Visual Studio 15
VisualStudioVersion = 15.0.28307.902
MinimumVisualStudioVersion = 10.0.40219.1
Project("{FAE04EC0-301F-11D3-BF4B-00C04F79EFBC}") = "WindowsFormsCRUDPgSql", "WindowsFormsCRUDPgSql\WindowsFormsCRUDPgSql.csproj", "{75A38CDF-3F7E-46EC-A7E8-DD2534AA7F90}"
EndProject
Global
	GlobalSection(SolutionConfigurationPlatforms) = preSolution
		Debug|Any CPU = Debug|Any CPU
		Release|Any CPU = Release|Any CPU
	EndGlobalSection
	GlobalSection(ProjectConfigurationPlatforms) = postSolution
		{75A38CDF-3F7E-46EC-A7E8-DD2534AA7F90}.Debug|Any CPU.ActiveCfg = Debug|Any CPU
		{75A38CDF-3F7E-46EC-A7E8-DD2534AA7F90}.Debug|Any CPU.Build.0 = Debug|Any CPU
		{75A38CDF-3F7E-46EC-A7E8-DD2534AA7F90}.Release|Any CPU.ActiveCfg = Release|Any CPU
		{75A38CDF-3F7E-46EC-A7E8-DD2534AA7F90}.Release|Any CPU.Build.0 = Release|Any CPU
	EndGlobalSection
	GlobalSection(SolutionProperties) = preSolution
		HideSolutionNode = FALSE
	EndGlobalSection
	GlobalSection(ExtensibilityGlobals) = postSolution
		SolutionGuid = {5CB8D4D1-E269-4A69-9F91-8CA97B511A15}
	EndGlobalSection
EndGlobal
